<?xml version="1.0" encoding="utf-8"?>
<Project ToolsVersion="17.0" xmlns="http://schemas.microsoft.com/developer/msbuild/2003">
  <ItemGroup>
    <ClCompile Include="C:\GIT\FirstLab\FirstLab.cpp">
      <Filter>Source Files</Filter>
    </ClCompile>
  </ItemGroup>
  <ItemGroup>
    <CustomBuild Include="C:\GIT\FirstLab\CMakeLists.txt" />
  </ItemGroup>
  <ItemGroup>
    <Filter Include="Source Files">
      <UniqueIdentifier>{0D38DA49-0974-38C2-BB7C-1C765DA85645}</UniqueIdentifier>
    </Filter>
  </ItemGroup>
</Project>
